{
  "nodes": {
    "home-manager": {
      "inputs": {
        "nixpkgs": [
          "nixpkgs"
        ]
      },
      "locked": {
        "lastModified": 1777476904,
        "narHash": "sha256-EeLoE8n4+QCbteyAsYXxhfr97RFfWL1ga0xwfL6lpKw=",
        "owner": "nix-community",
        "repo": "home-manager",
        "rev": "8c8e5389e75a36bee53920de8ee24f017b3ae03e",
        "type": "github"
      },
      "original": {
        "owner": "nix-community",
        "ref": "master",
        "repo": "home-manager",
        "type": "github"
      }
    },
    "nixpkgs": {
      "locked": {
        "lastModified": 1777270315,
        "narHash": "sha256-yKB4G6cKsQsWN7M6rZGk6gkJPDNPIzT05y4qzRyCDlI=",
        "owner": "NixOS",
        "repo": "nixpkgs",
        "rev": "6368eda62c9775c38ef7f714b2555a741c20c72d",
        "type": "github"
      },
      "original": {
        "owner": "NixOS",
        "ref": "nixpkgs-unstable",
        "repo": "nixpkgs",
        "type": "github"
      }
    },
    "root": {
      "inputs": {
        "home-manager": "home-manager",
        "nixpkgs": "nixpkgs"
      }
    }
  },
  "root": "root",
  "version": 7
}
